
Microsoft Visual Studio Solution File, Format Version 12.00
# Visual Studio Version 17
VisualStudioVersion = 17.1.31903.286
MinimumVisualStudioVersion = 10.0.40219.1
Project("{2150E333-8FDC-42A3-9474-1A3956D46DE8}") = "Src", "Src", "{61756155-60D7-4E38-9BF7-F06F6DCCD7B0}"
EndProject
Project("{2150E333-8FDC-42A3-9474-1A3956D46DE8}") = "Bootstrapper", "Bootstrapper", "{5B6BD308-366F-40EC-BB36-E089A1AA0F39}"
EndProject
Project("{9A19103F-16F7-4668-BE54-9A1E7A4F7556}") = "BitShifter.Bootstrapper", "Src\Bootstrapper\BitShifter.Bootstrapper\BitShifter.Bootstrapper.csproj", "{5417B3D6-08F1-4028-ADCD-BB9880EC7B3F}"
EndProject
Project("{2150E333-8FDC-42A3-9474-1A3956D46DE8}") = "Modules", "Modules", "{8B29E2B8-8435-4E7E-90A3-1323911D9541}"
EndProject
Project("{2150E333-8FDC-42A3-9474-1A3956D46DE8}") = "Identity", "Identity", "{646E6598-7A8E-49BF-B5F6-D29454AF5147}"
EndProject
Project("{9A19103F-16F7-4668-BE54-9A1E7A4F7556}") = "BitShifter.Modules.Identity.Api", "Src\Modules\Identity\BitShifter.Modules.Identity.Api\BitShifter.Modules.Identity.Api.csproj", "{09D04957-515A-4BDE-A1C7-271F56186939}"
EndProject
Project("{9A19103F-16F7-4668-BE54-9A1E7A4F7556}") = "BitShifter.Modules.Identity.Core", "Src\Modules\Identity\BitShifter.Modules.Identity.Core\BitShifter.Modules.Identity.Core.csproj", "{0A99145F-26E2-4231-B357-615C18FE3756}"
EndProject
Project("{9A19103F-16F7-4668-BE54-9A1E7A4F7556}") = "BitShifter.Modules.Identity.Domain", "Src\Modules\Identity\BitShifter.Modules.Identity.Domain\BitShifter.Modules.Identity.Domain.csproj", "{F8480B1A-9E01-4A82-BB57-F1E7CB90EA94}"
EndProject
Project("{2150E333-8FDC-42A3-9474-1A3956D46DE8}") = "Recipes", "Recipes", "{AC53685D-D6BA-411B-A457-E00A07ECCF67}"
EndProject
Project("{9A19103F-16F7-4668-BE54-9A1E7A4F7556}") = "BitShifter.Modules.Recipes.Application", "Src\Modules\Recipes\BitShifter.RecipeApp.Modules.Recipes.Application\BitShifter.Modules.Recipes.Application.csproj", "{BD2EBF0E-2CC7-4C42-BEEA-9BE19D9448FD}"
EndProject
Project("{9A19103F-16F7-4668-BE54-9A1E7A4F7556}") = "BitShifter.Modules.Recipes.Domain", "Src\Modules\Recipes\BitShifter.RecipeApp.Modules.Recipes.Domain\BitShifter.Modules.Recipes.Domain.csproj", "{B55DBE65-7D8F-4863-8115-3C31A732F7EC}"
EndProject
Project("{9A19103F-16F7-4668-BE54-9A1E7A4F7556}") = "BitShifter.Modules.Recipes.Infrastructure", "Src\Modules\Recipes\BitShifter.RecipeApp.Modules.Recipes.Infrastructure\BitShifter.Modules.Recipes.Infrastructure.csproj", "{B9A6C25B-5FC2-4501-8B0F-98F77FF013FE}"
EndProject
Project("{9A19103F-16F7-4668-BE54-9A1E7A4F7556}") = "BitShifter.Modules.Recipes.Api", "Src\Modules\Recipes\BitShifter.RecipeApp.Modules.Recipes.WebApi\BitShifter.Modules.Recipes.Api.csproj", "{E87954A4-D593-4329-804C-2CC68870E040}"
EndProject
Project("{2150E333-8FDC-42A3-9474-1A3956D46DE8}") = "Shared", "Shared", "{176A223E-9F8A-4979-9DDC-1F63D01912EF}"
EndProject
Project("{9A19103F-16F7-4668-BE54-9A1E7A4F7556}") = "BitShifter.Shared.Abstractions", "Src\Shared\BitShifter.Shared.Abstractions\BitShifter.Shared.Abstractions.csproj", "{78E7ECBD-4CD0-4E61-9A04-D4158C4AEF61}"
EndProject
Project("{9A19103F-16F7-4668-BE54-9A1E7A4F7556}") = "BitShifter.Shared.Infrastructure", "Src\Shared\BitShifter.Shared.Infrastructure\BitShifter.Shared.Infrastructure.csproj", "{77C7C2E3-5989-499D-AE80-9D719A87AD7B}"
EndProject
Project("{2150E333-8FDC-42A3-9474-1A3956D46DE8}") = "Tests", "Tests", "{D88FD333-6B2E-4371-AF22-C6D7D24C5E60}"
EndProject
Project("{2150E333-8FDC-42A3-9474-1A3956D46DE8}") = "Modules", "Modules", "{42C2AEED-B7F9-4E5B-8885-AA7E256FB171}"
EndProject
Project("{2150E333-8FDC-42A3-9474-1A3956D46DE8}") = "Recipes", "Recipes", "{BEC4E397-038A-4BA3-8741-FF632D87C89E}"
EndProject
Project("{9A19103F-16F7-4668-BE54-9A1E7A4F7556}") = "BitShifter.Tests.Modules.Recipes.Domain", "Tests\Modules\Recipes\BitShifter.Tests.Modules.Recipes.Domain\BitShifter.Tests.Modules.Recipes.Domain.csproj", "{04C66831-77CB-4119-B5E5-82AE07815ADF}"
EndProject
Project("{9A19103F-16F7-4668-BE54-9A1E7A4F7556}") = "BitShifter.Shared.ROP", "Src\Shared\BitShifter.Shared.ROP\BitShifter.Shared.ROP.csproj", "{D3E9BEB8-7C00-4D17-9D24-644BD45346BD}"
EndProject
Project("{2150E333-8FDC-42A3-9474-1A3956D46DE8}") = "Docs", "Docs", "{E7DD1CC0-5269-4965-9A6A-EF374F126C57}"
EndProject
Project("{2150E333-8FDC-42A3-9474-1A3956D46DE8}") = "Scripts", "Scripts", "{3116CB52-54E2-4D7C-80BA-1735DEE0FD17}"
	ProjectSection(SolutionItems) = preProject
		Docs\Scripts\clean-up-folders.ps1 = Docs\Scripts\clean-up-folders.ps1
		Docs\Scripts\refresh-sln.ps1 = Docs\Scripts\refresh-sln.ps1
		Docs\Scripts\test-in-docker.ps1 = Docs\Scripts\test-in-docker.ps1
		Docs\Scripts\test-with-result.ps1 = Docs\Scripts\test-with-result.ps1
	EndProjectSection
EndProject
Project("{9A19103F-16F7-4668-BE54-9A1E7A4F7556}") = "BitShifter.Tests.Modules.Recipes.Application", "Tests\Modules\Recipes\BitShifter.Tests.Modules.Recipes.Application\BitShifter.Tests.Modules.Recipes.Application.csproj", "{1E0B622C-4920-4783-8D6B-FAE7A4EDD8F3}"
EndProject
Project("{2150E333-8FDC-42A3-9474-1A3956D46DE8}") = "Shared", "Shared", "{6945F845-33F5-4949-BAB9-FDF2C4996F52}"
EndProject
Project("{9A19103F-16F7-4668-BE54-9A1E7A4F7556}") = "BitShifter.Tests.Shared.Infrastructure", "Tests\Shared\BitShifter.Tests.Shared.Infrastructure\BitShifter.Tests.Shared.Infrastructure.csproj", "{381C7246-0D4A-4C6B-961D-FCCBF2CC0885}"
EndProject
Project("{9A19103F-16F7-4668-BE54-9A1E7A4F7556}") = "BitShifter.Shared.Kernel", "Src\Shared\BitShifter.Shared.Kernel\BitShifter.Shared.Kernel.csproj", "{9B9D2490-54F4-4D4E-9AF4-043EAC706517}"
EndProject
Project("{9A19103F-16F7-4668-BE54-9A1E7A4F7556}") = "BitShifter.Tests.Shared.ROP", "Tests\Shared\BitShifter.Tests.Shared.ROP\BitShifter.Tests.Shared.ROP.csproj", "{177DB2A8-B85A-47A2-AF81-41B37CB2B492}"
EndProject
Global
	GlobalSection(SolutionConfigurationPlatforms) = preSolution
		Debug|Any CPU = Debug|Any CPU
		Debug|x64 = Debug|x64
		Debug|x86 = Debug|x86
		Release|Any CPU = Release|Any CPU
		Release|x64 = Release|x64
		Release|x86 = Release|x86
	EndGlobalSection
	GlobalSection(ProjectConfigurationPlatforms) = postSolution
		{5417B3D6-08F1-4028-ADCD-BB9880EC7B3F}.Debug|Any CPU.ActiveCfg = Debug|Any CPU
		{5417B3D6-08F1-4028-ADCD-BB9880EC7B3F}.Debug|Any CPU.Build.0 = Debug|Any CPU
		{5417B3D6-08F1-4028-ADCD-BB9880EC7B3F}.Debug|x64.ActiveCfg = Debug|Any CPU
		{5417B3D6-08F1-4028-ADCD-BB9880EC7B3F}.Debug|x64.Build.0 = Debug|Any CPU
		{5417B3D6-08F1-4028-ADCD-BB9880EC7B3F}.Debug|x86.ActiveCfg = Debug|Any CPU
		{5417B3D6-08F1-4028-ADCD-BB9880EC7B3F}.Debug|x86.Build.0 = Debug|Any CPU
		{5417B3D6-08F1-4028-ADCD-BB9880EC7B3F}.Release|Any CPU.ActiveCfg = Release|Any CPU
		{5417B3D6-08F1-4028-ADCD-BB9880EC7B3F}.Release|Any CPU.Build.0 = Release|Any CPU
		{5417B3D6-08F1-4028-ADCD-BB9880EC7B3F}.Release|x64.ActiveCfg = Release|Any CPU
		{5417B3D6-08F1-4028-ADCD-BB9880EC7B3F}.Release|x64.Build.0 = Release|Any CPU
		{5417B3D6-08F1-4028-ADCD-BB9880EC7B3F}.Release|x86.ActiveCfg = Release|Any CPU
		{5417B3D6-08F1-4028-ADCD-BB9880EC7B3F}.Release|x86.Build.0 = Release|Any CPU
		{09D04957-515A-4BDE-A1C7-271F56186939}.Debug|Any CPU.ActiveCfg = Debug|Any CPU
		{09D04957-515A-4BDE-A1C7-271F56186939}.Debug|Any CPU.Build.0 = Debug|Any CPU
		{09D04957-515A-4BDE-A1C7-271F56186939}.Debug|x64.ActiveCfg = Debug|Any CPU
		{09D04957-515A-4BDE-A1C7-271F56186939}.Debug|x64.Build.0 = Debug|Any CPU
		{09D04957-515A-4BDE-A1C7-271F56186939}.Debug|x86.ActiveCfg = Debug|Any CPU
		{09D04957-515A-4BDE-A1C7-271F56186939}.Debug|x86.Build.0 = Debug|Any CPU
		{09D04957-515A-4BDE-A1C7-271F56186939}.Release|Any CPU.ActiveCfg = Release|Any CPU
		{09D04957-515A-4BDE-A1C7-271F56186939}.Release|Any CPU.Build.0 = Release|Any CPU
		{09D04957-515A-4BDE-A1C7-271F56186939}.Release|x64.ActiveCfg = Release|Any CPU
		{09D04957-515A-4BDE-A1C7-271F56186939}.Release|x64.Build.0 = Release|Any CPU
		{09D04957-515A-4BDE-A1C7-271F56186939}.Release|x86.ActiveCfg = Release|Any CPU
		{09D04957-515A-4BDE-A1C7-271F56186939}.Release|x86.Build.0 = Release|Any CPU
		{0A99145F-26E2-4231-B357-615C18FE3756}.Debug|Any CPU.ActiveCfg = Debug|Any CPU
		{0A99145F-26E2-4231-B357-615C18FE3756}.Debug|Any CPU.Build.0 = Debug|Any CPU
		{0A99145F-26E2-4231-B357-615C18FE3756}.Debug|x64.ActiveCfg = Debug|Any CPU
		{0A99145F-26E2-4231-B357-615C18FE3756}.Debug|x64.Build.0 = Debug|Any CPU
		{0A99145F-26E2-4231-B357-615C18FE3756}.Debug|x86.ActiveCfg = Debug|Any CPU
		{0A99145F-26E2-4231-B357-615C18FE3756}.Debug|x86.Build.0 = Debug|Any CPU
		{0A99145F-26E2-4231-B357-615C18FE3756}.Release|Any CPU.ActiveCfg = Release|Any CPU
		{0A99145F-26E2-4231-B357-615C18FE3756}.Release|Any CPU.Build.0 = Release|Any CPU
		{0A99145F-26E2-4231-B357-615C18FE3756}.Release|x64.ActiveCfg = Release|Any CPU
		{0A99145F-26E2-4231-B357-615C18FE3756}.Release|x64.Build.0 = Release|Any CPU
		{0A99145F-26E2-4231-B357-615C18FE3756}.Release|x86.ActiveCfg = Release|Any CPU
		{0A99145F-26E2-4231-B357-615C18FE3756}.Release|x86.Build.0 = Release|Any CPU
		{F8480B1A-9E01-4A82-BB57-F1E7CB90EA94}.Debug|Any CPU.ActiveCfg = Debug|Any CPU
		{F8480B1A-9E01-4A82-BB57-F1E7CB90EA94}.Debug|Any CPU.Build.0 = Debug|Any CPU
		{F8480B1A-9E01-4A82-BB57-F1E7CB90EA94}.Debug|x64.ActiveCfg = Debug|Any CPU
		{F8480B1A-9E01-4A82-BB57-F1E7CB90EA94}.Debug|x64.Build.0 = Debug|Any CPU
		{F8480B1A-9E01-4A82-BB57-F1E7CB90EA94}.Debug|x86.ActiveCfg = Debug|Any CPU
		{F8480B1A-9E01-4A82-BB57-F1E7CB90EA94}.Debug|x86.Build.0 = Debug|Any CPU
		{F8480B1A-9E01-4A82-BB57-F1E7CB90EA94}.Release|Any CPU.ActiveCfg = Release|Any CPU
		{F8480B1A-9E01-4A82-BB57-F1E7CB90EA94}.Release|Any CPU.Build.0 = Release|Any CPU
		{F8480B1A-9E01-4A82-BB57-F1E7CB90EA94}.Release|x64.ActiveCfg = Release|Any CPU
		{F8480B1A-9E01-4A82-BB57-F1E7CB90EA94}.Release|x64.Build.0 = Release|Any CPU
		{F8480B1A-9E01-4A82-BB57-F1E7CB90EA94}.Release|x86.ActiveCfg = Release|Any CPU
		{F8480B1A-9E01-4A82-BB57-F1E7CB90EA94}.Release|x86.Build.0 = Release|Any CPU
		{BD2EBF0E-2CC7-4C42-BEEA-9BE19D9448FD}.Debug|Any CPU.ActiveCfg = Debug|Any CPU
		{BD2EBF0E-2CC7-4C42-BEEA-9BE19D9448FD}.Debug|Any CPU.Build.0 = Debug|Any CPU
		{BD2EBF0E-2CC7-4C42-BEEA-9BE19D9448FD}.Debug|x64.ActiveCfg = Debug|Any CPU
		{BD2EBF0E-2CC7-4C42-BEEA-9BE19D9448FD}.Debug|x64.Build.0 = Debug|Any CPU
		{BD2EBF0E-2CC7-4C42-BEEA-9BE19D9448FD}.Debug|x86.ActiveCfg = Debug|Any CPU
		{BD2EBF0E-2CC7-4C42-BEEA-9BE19D9448FD}.Debug|x86.Build.0 = Debug|Any CPU
		{BD2EBF0E-2CC7-4C42-BEEA-9BE19D9448FD}.Release|Any CPU.ActiveCfg = Release|Any CPU
		{BD2EBF0E-2CC7-4C42-BEEA-9BE19D9448FD}.Release|Any CPU.Build.0 = Release|Any CPU
		{BD2EBF0E-2CC7-4C42-BEEA-9BE19D9448FD}.Release|x64.ActiveCfg = Release|Any CPU
		{BD2EBF0E-2CC7-4C42-BEEA-9BE19D9448FD}.Release|x64.Build.0 = Release|Any CPU
		{BD2EBF0E-2CC7-4C42-BEEA-9BE19D9448FD}.Release|x86.ActiveCfg = Release|Any CPU
		{BD2EBF0E-2CC7-4C42-BEEA-9BE19D9448FD}.Release|x86.Build.0 = Release|Any CPU
		{B55DBE65-7D8F-4863-8115-3C31A732F7EC}.Debug|Any CPU.ActiveCfg = Debug|Any CPU
		{B55DBE65-7D8F-4863-8115-3C31A732F7EC}.Debug|Any CPU.Build.0 = Debug|Any CPU
		{B55DBE65-7D8F-4863-8115-3C31A732F7EC}.Debug|x64.ActiveCfg = Debug|Any CPU
		{B55DBE65-7D8F-4863-8115-3C31A732F7EC}.Debug|x64.Build.0 = Debug|Any CPU
		{B55DBE65-7D8F-4863-8115-3C31A732F7EC}.Debug|x86.ActiveCfg = Debug|Any CPU
		{B55DBE65-7D8F-4863-8115-3C31A732F7EC}.Debug|x86.Build.0 = Debug|Any CPU
		{B55DBE65-7D8F-4863-8115-3C31A732F7EC}.Release|Any CPU.ActiveCfg = Release|Any CPU
		{B55DBE65-7D8F-4863-8115-3C31A732F7EC}.Release|Any CPU.Build.0 = Release|Any CPU
		{B55DBE65-7D8F-4863-8115-3C31A732F7EC}.Release|x64.ActiveCfg = Release|Any CPU
		{B55DBE65-7D8F-4863-8115-3C31A732F7EC}.Release|x64.Build.0 = Release|Any CPU
		{B55DBE65-7D8F-4863-8115-3C31A732F7EC}.Release|x86.ActiveCfg = Release|Any CPU
		{B55DBE65-7D8F-4863-8115-3C31A732F7EC}.Release|x86.Build.0 = Release|Any CPU
		{B9A6C25B-5FC2-4501-8B0F-98F77FF013FE}.Debug|Any CPU.ActiveCfg = Debug|Any CPU
		{B9A6C25B-5FC2-4501-8B0F-98F77FF013FE}.Debug|Any CPU.Build.0 = Debug|Any CPU
		{B9A6C25B-5FC2-4501-8B0F-98F77FF013FE}.Debug|x64.ActiveCfg = Debug|Any CPU
		{B9A6C25B-5FC2-4501-8B0F-98F77FF013FE}.Debug|x64.Build.0 = Debug|Any CPU
		{B9A6C25B-5FC2-4501-8B0F-98F77FF013FE}.Debug|x86.ActiveCfg = Debug|Any CPU
		{B9A6C25B-5FC2-4501-8B0F-98F77FF013FE}.Debug|x86.Build.0 = Debug|Any CPU
		{B9A6C25B-5FC2-4501-8B0F-98F77FF013FE}.Release|Any CPU.ActiveCfg = Release|Any CPU
		{B9A6C25B-5FC2-4501-8B0F-98F77FF013FE}.Release|Any CPU.Build.0 = Release|Any CPU
		{B9A6C25B-5FC2-4501-8B0F-98F77FF013FE}.Release|x64.ActiveCfg = Release|Any CPU
		{B9A6C25B-5FC2-4501-8B0F-98F77FF013FE}.Release|x64.Build.0 = Release|Any CPU
		{B9A6C25B-5FC2-4501-8B0F-98F77FF013FE}.Release|x86.ActiveCfg = Release|Any CPU
		{B9A6C25B-5FC2-4501-8B0F-98F77FF013FE}.Release|x86.Build.0 = Release|Any CPU
		{E87954A4-D593-4329-804C-2CC68870E040}.Debug|Any CPU.ActiveCfg = Debug|Any CPU
		{E87954A4-D593-4329-804C-2CC68870E040}.Debug|Any CPU.Build.0 = Debug|Any CPU
		{E87954A4-D593-4329-804C-2CC68870E040}.Debug|x64.ActiveCfg = Debug|Any CPU
		{E87954A4-D593-4329-804C-2CC68870E040}.Debug|x64.Build.0 = Debug|Any CPU
		{E87954A4-D593-4329-804C-2CC68870E040}.Debug|x86.ActiveCfg = Debug|Any CPU
		{E87954A4-D593-4329-804C-2CC68870E040}.Debug|x86.Build.0 = Debug|Any CPU
		{E87954A4-D593-4329-804C-2CC68870E040}.Release|Any CPU.ActiveCfg = Release|Any CPU
		{E87954A4-D593-4329-804C-2CC68870E040}.Release|Any CPU.Build.0 = Release|Any CPU
		{E87954A4-D593-4329-804C-2CC68870E040}.Release|x64.ActiveCfg = Release|Any CPU
		{E87954A4-D593-4329-804C-2CC68870E040}.Release|x64.Build.0 = Release|Any CPU
		{E87954A4-D593-4329-804C-2CC68870E040}.Release|x86.ActiveCfg = Release|Any CPU
		{E87954A4-D593-4329-804C-2CC68870E040}.Release|x86.Build.0 = Release|Any CPU
		{78E7ECBD-4CD0-4E61-9A04-D4158C4AEF61}.Debug|Any CPU.ActiveCfg = Debug|Any CPU
		{78E7ECBD-4CD0-4E61-9A04-D4158C4AEF61}.Debug|Any CPU.Build.0 = Debug|Any CPU
		{78E7ECBD-4CD0-4E61-9A04-D4158C4AEF61}.Debug|x64.ActiveCfg = Debug|Any CPU
		{78E7ECBD-4CD0-4E61-9A04-D4158C4AEF61}.Debug|x64.Build.0 = Debug|Any CPU
		{78E7ECBD-4CD0-4E61-9A04-D4158C4AEF61}.Debug|x86.ActiveCfg = Debug|Any CPU
		{78E7ECBD-4CD0-4E61-9A04-D4158C4AEF61}.Debug|x86.Build.0 = Debug|Any CPU
		{78E7ECBD-4CD0-4E61-9A04-D4158C4AEF61}.Release|Any CPU.ActiveCfg = Release|Any CPU
		{78E7ECBD-4CD0-4E61-9A04-D4158C4AEF61}.Release|Any CPU.Build.0 = Release|Any CPU
		{78E7ECBD-4CD0-4E61-9A04-D4158C4AEF61}.Release|x64.ActiveCfg = Release|Any CPU
		{78E7ECBD-4CD0-4E61-9A04-D4158C4AEF61}.Release|x64.Build.0 = Release|Any CPU
		{78E7ECBD-4CD0-4E61-9A04-D4158C4AEF61}.Release|x86.ActiveCfg = Release|Any CPU
		{78E7ECBD-4CD0-4E61-9A04-D4158C4AEF61}.Release|x86.Build.0 = Release|Any CPU
		{77C7C2E3-5989-499D-AE80-9D719A87AD7B}.Debug|Any CPU.ActiveCfg = Debug|Any CPU
		{77C7C2E3-5989-499D-AE80-9D719A87AD7B}.Debug|Any CPU.Build.0 = Debug|Any CPU
		{77C7C2E3-5989-499D-AE80-9D719A87AD7B}.Debug|x64.ActiveCfg = Debug|Any CPU
		{77C7C2E3-5989-499D-AE80-9D719A87AD7B}.Debug|x64.Build.0 = Debug|Any CPU
		{77C7C2E3-5989-499D-AE80-9D719A87AD7B}.Debug|x86.ActiveCfg = Debug|Any CPU
		{77C7C2E3-5989-499D-AE80-9D719A87AD7B}.Debug|x86.Build.0 = Debug|Any CPU
		{77C7C2E3-5989-499D-AE80-9D719A87AD7B}.Release|Any CPU.ActiveCfg = Release|Any CPU
		{77C7C2E3-5989-499D-AE80-9D719A87AD7B}.Release|Any CPU.Build.0 = Release|Any CPU
		{77C7C2E3-5989-499D-AE80-9D719A87AD7B}.Release|x64.ActiveCfg = Release|Any CPU
		{77C7C2E3-5989-499D-AE80-9D719A87AD7B}.Release|x64.Build.0 = Release|Any CPU
		{77C7C2E3-5989-499D-AE80-9D719A87AD7B}.Release|x86.ActiveCfg = Release|Any CPU
		{77C7C2E3-5989-499D-AE80-9D719A87AD7B}.Release|x86.Build.0 = Release|Any CPU
		{04C66831-77CB-4119-B5E5-82AE07815ADF}.Debug|Any CPU.ActiveCfg = Debug|Any CPU
		{04C66831-77CB-4119-B5E5-82AE07815ADF}.Debug|Any CPU.Build.0 = Debug|Any CPU
		{04C66831-77CB-4119-B5E5-82AE07815ADF}.Debug|x64.ActiveCfg = Debug|Any CPU
		{04C66831-77CB-4119-B5E5-82AE07815ADF}.Debug|x64.Build.0 = Debug|Any CPU
		{04C66831-77CB-4119-B5E5-82AE07815ADF}.Debug|x86.ActiveCfg = Debug|Any CPU
		{04C66831-77CB-4119-B5E5-82AE07815ADF}.Debug|x86.Build.0 = Debug|Any CPU
		{04C66831-77CB-4119-B5E5-82AE07815ADF}.Release|Any CPU.ActiveCfg = Release|Any CPU
		{04C66831-77CB-4119-B5E5-82AE07815ADF}.Release|Any CPU.Build.0 = Release|Any CPU
		{04C66831-77CB-4119-B5E5-82AE07815ADF}.Release|x64.ActiveCfg = Release|Any CPU
		{04C66831-77CB-4119-B5E5-82AE07815ADF}.Release|x64.Build.0 = Release|Any CPU
		{04C66831-77CB-4119-B5E5-82AE07815ADF}.Release|x86.ActiveCfg = Release|Any CPU
		{04C66831-77CB-4119-B5E5-82AE07815ADF}.Release|x86.Build.0 = Release|Any CPU
		{D3E9BEB8-7C00-4D17-9D24-644BD45346BD}.Debug|Any CPU.ActiveCfg = Debug|Any CPU
		{D3E9BEB8-7C00-4D17-9D24-644BD45346BD}.Debug|Any CPU.Build.0 = Debug|Any CPU
		{D3E9BEB8-7C00-4D17-9D24-644BD45346BD}.Debug|x64.ActiveCfg = Debug|Any CPU
		{D3E9BEB8-7C00-4D17-9D24-644BD45346BD}.Debug|x64.Build.0 = Debug|Any CPU
		{D3E9BEB8-7C00-4D17-9D24-644BD45346BD}.Debug|x86.ActiveCfg = Debug|Any CPU
		{D3E9BEB8-7C00-4D17-9D24-644BD45346BD}.Debug|x86.Build.0 = Debug|Any CPU
		{D3E9BEB8-7C00-4D17-9D24-644BD45346BD}.Release|Any CPU.ActiveCfg = Release|Any CPU
		{D3E9BEB8-7C00-4D17-9D24-644BD45346BD}.Release|Any CPU.Build.0 = Release|Any CPU
		{D3E9BEB8-7C00-4D17-9D24-644BD45346BD}.Release|x64.ActiveCfg = Release|Any CPU
		{D3E9BEB8-7C00-4D17-9D24-644BD45346BD}.Release|x64.Build.0 = Release|Any CPU
		{D3E9BEB8-7C00-4D17-9D24-644BD45346BD}.Release|x86.ActiveCfg = Release|Any CPU
		{D3E9BEB8-7C00-4D17-9D24-644BD45346BD}.Release|x86.Build.0 = Release|Any CPU
		{1E0B622C-4920-4783-8D6B-FAE7A4EDD8F3}.Debug|Any CPU.ActiveCfg = Debug|Any CPU
		{1E0B622C-4920-4783-8D6B-FAE7A4EDD8F3}.Debug|Any CPU.Build.0 = Debug|Any CPU
		{1E0B622C-4920-4783-8D6B-FAE7A4EDD8F3}.Debug|x64.ActiveCfg = Debug|Any CPU
		{1E0B622C-4920-4783-8D6B-FAE7A4EDD8F3}.Debug|x64.Build.0 = Debug|Any CPU
		{1E0B622C-4920-4783-8D6B-FAE7A4EDD8F3}.Debug|x86.ActiveCfg = Debug|Any CPU
		{1E0B622C-4920-4783-8D6B-FAE7A4EDD8F3}.Debug|x86.Build.0 = Debug|Any CPU
		{1E0B622C-4920-4783-8D6B-FAE7A4EDD8F3}.Release|Any CPU.ActiveCfg = Release|Any CPU
		{1E0B622C-4920-4783-8D6B-FAE7A4EDD8F3}.Release|Any CPU.Build.0 = Release|Any CPU
		{1E0B622C-4920-4783-8D6B-FAE7A4EDD8F3}.Release|x64.ActiveCfg = Release|Any CPU
		{1E0B622C-4920-4783-8D6B-FAE7A4EDD8F3}.Release|x64.Build.0 = Release|Any CPU
		{1E0B622C-4920-4783-8D6B-FAE7A4EDD8F3}.Release|x86.ActiveCfg = Release|Any CPU
		{1E0B622C-4920-4783-8D6B-FAE7A4EDD8F3}.Release|x86.Build.0 = Release|Any CPU
		{381C7246-0D4A-4C6B-961D-FCCBF2CC0885}.Debug|Any CPU.ActiveCfg = Debug|Any CPU
		{381C7246-0D4A-4C6B-961D-FCCBF2CC0885}.Debug|Any CPU.Build.0 = Debug|Any CPU
		{381C7246-0D4A-4C6B-961D-FCCBF2CC0885}.Debug|x64.ActiveCfg = Debug|Any CPU
		{381C7246-0D4A-4C6B-961D-FCCBF2CC0885}.Debug|x64.Build.0 = Debug|Any CPU
		{381C7246-0D4A-4C6B-961D-FCCBF2CC0885}.Debug|x86.ActiveCfg = Debug|Any CPU
		{381C7246-0D4A-4C6B-961D-FCCBF2CC0885}.Debug|x86.Build.0 = Debug|Any CPU
		{381C7246-0D4A-4C6B-961D-FCCBF2CC0885}.Release|Any CPU.ActiveCfg = Release|Any CPU
		{381C7246-0D4A-4C6B-961D-FCCBF2CC0885}.Release|Any CPU.Build.0 = Release|Any CPU
		{381C7246-0D4A-4C6B-961D-FCCBF2CC0885}.Release|x64.ActiveCfg = Release|Any CPU
		{381C7246-0D4A-4C6B-961D-FCCBF2CC0885}.Release|x64.Build.0 = Release|Any CPU
		{381C7246-0D4A-4C6B-961D-FCCBF2CC0885}.Release|x86.ActiveCfg = Release|Any CPU
		{381C7246-0D4A-4C6B-961D-FCCBF2CC0885}.Release|x86.Build.0 = Release|Any CPU
		{9B9D2490-54F4-4D4E-9AF4-043EAC706517}.Debug|Any CPU.ActiveCfg = Debug|Any CPU
		{9B9D2490-54F4-4D4E-9AF4-043EAC706517}.Debug|Any CPU.Build.0 = Debug|Any CPU
		{9B9D2490-54F4-4D4E-9AF4-043EAC706517}.Debug|x64.ActiveCfg = Debug|Any CPU
		{9B9D2490-54F4-4D4E-9AF4-043EAC706517}.Debug|x64.Build.0 = Debug|Any CPU
		{9B9D2490-54F4-4D4E-9AF4-043EAC706517}.Debug|x86.ActiveCfg = Debug|Any CPU
		{9B9D2490-54F4-4D4E-9AF4-043EAC706517}.Debug|x86.Build.0 = Debug|Any CPU
		{9B9D2490-54F4-4D4E-9AF4-043EAC706517}.Release|Any CPU.ActiveCfg = Release|Any CPU
		{9B9D2490-54F4-4D4E-9AF4-043EAC706517}.Release|Any CPU.Build.0 = Release|Any CPU
		{9B9D2490-54F4-4D4E-9AF4-043EAC706517}.Release|x64.ActiveCfg = Release|Any CPU
		{9B9D2490-54F4-4D4E-9AF4-043EAC706517}.Release|x64.Build.0 = Release|Any CPU
		{9B9D2490-54F4-4D4E-9AF4-043EAC706517}.Release|x86.ActiveCfg = Release|Any CPU
		{9B9D2490-54F4-4D4E-9AF4-043EAC706517}.Release|x86.Build.0 = Release|Any CPU
		{177DB2A8-B85A-47A2-AF81-41B37CB2B492}.Debug|Any CPU.ActiveCfg = Debug|Any CPU
		{177DB2A8-B85A-47A2-AF81-41B37CB2B492}.Debug|Any CPU.Build.0 = Debug|Any CPU
		{177DB2A8-B85A-47A2-AF81-41B37CB2B492}.Debug|x64.ActiveCfg = Debug|Any CPU
		{177DB2A8-B85A-47A2-AF81-41B37CB2B492}.Debug|x64.Build.0 = Debug|Any CPU
		{177DB2A8-B85A-47A2-AF81-41B37CB2B492}.Debug|x86.ActiveCfg = Debug|Any CPU
		{177DB2A8-B85A-47A2-AF81-41B37CB2B492}.Debug|x86.Build.0 = Debug|Any CPU
		{177DB2A8-B85A-47A2-AF81-41B37CB2B492}.Release|Any CPU.ActiveCfg = Release|Any CPU
		{177DB2A8-B85A-47A2-AF81-41B37CB2B492}.Release|Any CPU.Build.0 = Release|Any CPU
		{177DB2A8-B85A-47A2-AF81-41B37CB2B492}.Release|x64.ActiveCfg = Release|Any CPU
		{177DB2A8-B85A-47A2-AF81-41B37CB2B492}.Release|x64.Build.0 = Release|Any CPU
		{177DB2A8-B85A-47A2-AF81-41B37CB2B492}.Release|x86.ActiveCfg = Release|Any CPU
		{177DB2A8-B85A-47A2-AF81-41B37CB2B492}.Release|x86.Build.0 = Release|Any CPU
	EndGlobalSection
	GlobalSection(SolutionProperties) = preSolution
		HideSolutionNode = FALSE
	EndGlobalSection
	GlobalSection(NestedProjects) = preSolution
		{5B6BD308-366F-40EC-BB36-E089A1AA0F39} = {61756155-60D7-4E38-9BF7-F06F6DCCD7B0}
		{5417B3D6-08F1-4028-ADCD-BB9880EC7B3F} = {5B6BD308-366F-40EC-BB36-E089A1AA0F39}
		{8B29E2B8-8435-4E7E-90A3-1323911D9541} = {61756155-60D7-4E38-9BF7-F06F6DCCD7B0}
		{646E6598-7A8E-49BF-B5F6-D29454AF5147} = {8B29E2B8-8435-4E7E-90A3-1323911D9541}
		{09D04957-515A-4BDE-A1C7-271F56186939} = {646E6598-7A8E-49BF-B5F6-D29454AF5147}
		{0A99145F-26E2-4231-B357-615C18FE3756} = {646E6598-7A8E-49BF-B5F6-D29454AF5147}
		{F8480B1A-9E01-4A82-BB57-F1E7CB90EA94} = {646E6598-7A8E-49BF-B5F6-D29454AF5147}
		{AC53685D-D6BA-411B-A457-E00A07ECCF67} = {8B29E2B8-8435-4E7E-90A3-1323911D9541}
		{BD2EBF0E-2CC7-4C42-BEEA-9BE19D9448FD} = {AC53685D-D6BA-411B-A457-E00A07ECCF67}
		{B55DBE65-7D8F-4863-8115-3C31A732F7EC} = {AC53685D-D6BA-411B-A457-E00A07ECCF67}
		{B9A6C25B-5FC2-4501-8B0F-98F77FF013FE} = {AC53685D-D6BA-411B-A457-E00A07ECCF67}
		{E87954A4-D593-4329-804C-2CC68870E040} = {AC53685D-D6BA-411B-A457-E00A07ECCF67}
		{176A223E-9F8A-4979-9DDC-1F63D01912EF} = {61756155-60D7-4E38-9BF7-F06F6DCCD7B0}
		{78E7ECBD-4CD0-4E61-9A04-D4158C4AEF61} = {176A223E-9F8A-4979-9DDC-1F63D01912EF}
		{77C7C2E3-5989-499D-AE80-9D719A87AD7B} = {176A223E-9F8A-4979-9DDC-1F63D01912EF}
		{42C2AEED-B7F9-4E5B-8885-AA7E256FB171} = {D88FD333-6B2E-4371-AF22-C6D7D24C5E60}
		{BEC4E397-038A-4BA3-8741-FF632D87C89E} = {42C2AEED-B7F9-4E5B-8885-AA7E256FB171}
		{04C66831-77CB-4119-B5E5-82AE07815ADF} = {BEC4E397-038A-4BA3-8741-FF632D87C89E}
		{D3E9BEB8-7C00-4D17-9D24-644BD45346BD} = {176A223E-9F8A-4979-9DDC-1F63D01912EF}
		{3116CB52-54E2-4D7C-80BA-1735DEE0FD17} = {E7DD1CC0-5269-4965-9A6A-EF374F126C57}
		{1E0B622C-4920-4783-8D6B-FAE7A4EDD8F3} = {BEC4E397-038A-4BA3-8741-FF632D87C89E}
		{6945F845-33F5-4949-BAB9-FDF2C4996F52} = {D88FD333-6B2E-4371-AF22-C6D7D24C5E60}
		{381C7246-0D4A-4C6B-961D-FCCBF2CC0885} = {6945F845-33F5-4949-BAB9-FDF2C4996F52}
		{9B9D2490-54F4-4D4E-9AF4-043EAC706517} = {176A223E-9F8A-4979-9DDC-1F63D01912EF}
		{177DB2A8-B85A-47A2-AF81-41B37CB2B492} = {6945F845-33F5-4949-BAB9-FDF2C4996F52}
	EndGlobalSection
	GlobalSection(ExtensibilityGlobals) = postSolution
		SolutionGuid = {87F6A563-523F-4F83-8570-7038DD8D8B47}
	EndGlobalSection
EndGlobal
